
Microsoft Visual Studio Solution File, Format Version 12.00
# Visual Studio Version 16
VisualStudioVersion = 16.0.31005.135
MinimumVisualStudioVersion = 10.0.40219.1
Project("{FAE04EC0-301F-11D3-BF4B-00C04F79EFBC}") = "asistanMemo", "asistanMemo\asistanMemo.csproj", "{6B3A6483-C7C6-49D8-9932-422BEEC167EB}"
EndProject
Global
	GlobalSection(SolutionConfigurationPlatforms) = preSolution
		Debug|Any CPU = Debug|Any CPU
		Release|Any CPU = Release|Any CPU
	EndGlobalSection
	GlobalSection(ProjectConfigurationPlatforms) = postSolution
		{6B3A6483-C7C6-49D8-9932-422BEEC167EB}.Debug|Any CPU.ActiveCfg = Debug|Any CPU
		{6B3A6483-C7C6-49D8-9932-422BEEC167EB}.Debug|Any CPU.Build.0 = Debug|Any CPU
		{6B3A6483-C7C6-49D8-9932-422BEEC167EB}.Release|Any CPU.ActiveCfg = Release|Any CPU
		{6B3A6483-C7C6-49D8-9932-422BEEC167EB}.Release|Any CPU.Build.0 = Release|Any CPU
	EndGlobalSection
	GlobalSection(SolutionProperties) = preSolution
		HideSolutionNode = FALSE
	EndGlobalSection
	GlobalSection(ExtensibilityGlobals) = postSolution
		SolutionGuid = {04A85764-57A5-4440-9265-EA28F409E6C4}
	EndGlobalSection
EndGlobal
